
Microsoft Visual Studio Solution File, Format Version 12.00
# Visual Studio Version 17
VisualStudioVersion = 17.13.35931.197
MinimumVisualStudioVersion = 10.0.40219.1
Project("{FAE04EC0-301F-11D3-BF4B-00C04F79EFBC}") = "SupermarketWEB", "SupermarketWEB.csproj", "{6E4484D9-89FE-4753-BDA4-8EE9228A8270}"
EndProject
Global
	GlobalSection(SolutionConfigurationPlatforms) = preSolution
		Debug|Any CPU = Debug|Any CPU
		Release|Any CPU = Release|Any CPU
	EndGlobalSection
	GlobalSection(ProjectConfigurationPlatforms) = postSolution
		{6E4484D9-89FE-4753-BDA4-8EE9228A8270}.Debug|Any CPU.ActiveCfg = Debug|Any CPU
		{6E4484D9-89FE-4753-BDA4-8EE9228A8270}.Debug|Any CPU.Build.0 = Debug|Any CPU
		{6E4484D9-89FE-4753-BDA4-8EE9228A8270}.Release|Any CPU.ActiveCfg = Release|Any CPU
		{6E4484D9-89FE-4753-BDA4-8EE9228A8270}.Release|Any CPU.Build.0 = Release|Any CPU
	EndGlobalSection
	GlobalSection(SolutionProperties) = preSolution
		HideSolutionNode = FALSE
	EndGlobalSection
	GlobalSection(ExtensibilityGlobals) = postSolution
		SolutionGuid = {DF91170D-D83C-4693-A76D-378871F0F51C}
	EndGlobalSection
EndGlobal
